
Microsoft Visual Studio Solution File, Format Version 12.00
# Visual Studio Version 16
VisualStudioVersion = 16.0.30204.135
MinimumVisualStudioVersion = 10.0.40219.1
Project("{2150E333-8FDC-42A3-9474-1A3956D46DE8}") = "Microservices", "Microservices", "{4D1CBDDF-27C9-4679-B1EF-7525C9BF4209}"
EndProject
Project("{2150E333-8FDC-42A3-9474-1A3956D46DE8}") = "Domain", "Domain", "{7501A1E7-A5A9-4572-8C8F-C7CECC46EA7B}"
EndProject
Project("{2150E333-8FDC-42A3-9474-1A3956D46DE8}") = "Infra.Bus", "Infra.Bus", "{F02928F8-25A2-4F8F-8A32-BCD330394708}"
EndProject
Project("{2150E333-8FDC-42A3-9474-1A3956D46DE8}") = "Infra.IoC", "Infra.IoC", "{CAFB4026-4AAD-4DA2-890F-A457C312D522}"
EndProject
Project("{2150E333-8FDC-42A3-9474-1A3956D46DE8}") = "Presentation", "Presentation", "{B1026CA1-7CD1-4EF0-8E5B-8E56C416FDD0}"
EndProject
Project("{9A19103F-16F7-4668-BE54-9A1E7A4F7556}") = "MicroRabbit.Domain.Core", "MicroRabbit.Domain.Core\MicroRabbit.Domain.Core.csproj", "{492B9AD4-6A4E-4DEC-83CB-5977A0B15842}"
EndProject
Project("{9A19103F-16F7-4668-BE54-9A1E7A4F7556}") = "MicroRabbit.Infra.Bus", "MicroRabbit.Infra.Bus\MicroRabbit.Infra.Bus.csproj", "{25586195-9CEA-4D76-8D3F-F73D881CA6DB}"
EndProject
Project("{9A19103F-16F7-4668-BE54-9A1E7A4F7556}") = "MicroRabbit.Infra.IoC", "MicroRabbit.Infra.IoC\MicroRabbit.Infra.IoC.csproj", "{F7179152-7BE5-4D6B-AC05-C969DA7EFC25}"
EndProject
Project("{2150E333-8FDC-42A3-9474-1A3956D46DE8}") = "Banking", "Banking", "{49E767E2-52B5-490B-8FAC-61679226C2F1}"
EndProject
Project("{2150E333-8FDC-42A3-9474-1A3956D46DE8}") = "Api", "Api", "{47EDEAF6-D388-4FD4-BD2E-A4BC3FFE8CED}"
EndProject
Project("{2150E333-8FDC-42A3-9474-1A3956D46DE8}") = "Application", "Application", "{533CD766-A246-452F-BB71-CF33BD9E69C7}"
EndProject
Project("{2150E333-8FDC-42A3-9474-1A3956D46DE8}") = "Data", "Data", "{9F65EE20-6557-424F-9377-0DBB49C416D2}"
EndProject
Project("{2150E333-8FDC-42A3-9474-1A3956D46DE8}") = "Domain", "Domain", "{C86E4280-535B-48ED-8C7A-D75B91148ADA}"
EndProject
Project("{9A19103F-16F7-4668-BE54-9A1E7A4F7556}") = "MicroRabbit.Banking.Api", "MicroRabbit.Banking.Api\MicroRabbit.Banking.Api.csproj", "{CF412CCF-2AB8-4254-83B4-BCC61E5FA747}"
EndProject
Project("{9A19103F-16F7-4668-BE54-9A1E7A4F7556}") = "MicroRabbit.Banking.Application", "MicroRabbit.Banking.Application\MicroRabbit.Banking.Application.csproj", "{B961F4AC-E5C5-408F-80BC-F49396D927CF}"
EndProject
Project("{9A19103F-16F7-4668-BE54-9A1E7A4F7556}") = "MicroRabbit.Banking.Data", "MicroRabbit.Banking.Data\MicroRabbit.Banking.Data.csproj", "{F6772A96-528C-4EA4-82A1-8B536BDE190B}"
EndProject
Project("{9A19103F-16F7-4668-BE54-9A1E7A4F7556}") = "MicroRabbit.Banking.Domain", "MicroRabbit.Banking.Domain\MicroRabbit.Banking.Domain.csproj", "{13698493-B16A-4424-A8AA-102865FE8E80}"
EndProject
Project("{2150E333-8FDC-42A3-9474-1A3956D46DE8}") = "Transfer", "Transfer", "{3B0D7CF9-9C6C-454A-9660-2687E906FC45}"
EndProject
Project("{2150E333-8FDC-42A3-9474-1A3956D46DE8}") = "Api", "Api", "{51A36ACB-0352-421D-86A1-54D55D724F7C}"
EndProject
Project("{2150E333-8FDC-42A3-9474-1A3956D46DE8}") = "Application", "Application", "{E2045DC0-2BEC-466E-9DC9-ED12CD6F2054}"
EndProject
Project("{2150E333-8FDC-42A3-9474-1A3956D46DE8}") = "Data", "Data", "{FC194E29-4192-49B4-BE31-E998AA17F96B}"
EndProject
Project("{2150E333-8FDC-42A3-9474-1A3956D46DE8}") = "Domain", "Domain", "{D3D2A8BB-1CBC-477A-AA79-7281C8FBDFC2}"
EndProject
Project("{FAE04EC0-301F-11D3-BF4B-00C04F79EFBC}") = "MicroRabbit.Transfer.Api", "MicroRabbit.Transfer.Api\MicroRabbit.Transfer.Api.csproj", "{4CC4A86B-E1AF-4691-869A-6B1F768CDBCB}"
EndProject
Project("{FAE04EC0-301F-11D3-BF4B-00C04F79EFBC}") = "MicroRabbit.Transfer.Application", "MicroRabbit.Transfer.Application\MicroRabbit.Transfer.Application.csproj", "{9793D63B-3C2D-45DC-8DAB-8592472E09D3}"
EndProject
Project("{FAE04EC0-301F-11D3-BF4B-00C04F79EFBC}") = "MicroRabbit.Transfer.Data", "MicroRabbit.Transfer.Data\MicroRabbit.Transfer.Data.csproj", "{343B40CA-F8E5-4D34-BBE4-4AD17F8F74FC}"
EndProject
Project("{FAE04EC0-301F-11D3-BF4B-00C04F79EFBC}") = "MicroRabbit.Transfer.Domain", "MicroRabbit.Transfer.Domain\MicroRabbit.Transfer.Domain.csproj", "{9F9ABA08-C9A3-4EE3-9D15-5B73ADD30FDA}"
EndProject
Global
	GlobalSection(SolutionConfigurationPlatforms) = preSolution
		Debug|Any CPU = Debug|Any CPU
		Release|Any CPU = Release|Any CPU
	EndGlobalSection
	GlobalSection(ProjectConfigurationPlatforms) = postSolution
		{492B9AD4-6A4E-4DEC-83CB-5977A0B15842}.Debug|Any CPU.ActiveCfg = Debug|Any CPU
		{492B9AD4-6A4E-4DEC-83CB-5977A0B15842}.Debug|Any CPU.Build.0 = Debug|Any CPU
		{492B9AD4-6A4E-4DEC-83CB-5977A0B15842}.Release|Any CPU.ActiveCfg = Release|Any CPU
		{492B9AD4-6A4E-4DEC-83CB-5977A0B15842}.Release|Any CPU.Build.0 = Release|Any CPU
		{25586195-9CEA-4D76-8D3F-F73D881CA6DB}.Debug|Any CPU.ActiveCfg = Debug|Any CPU
		{25586195-9CEA-4D76-8D3F-F73D881CA6DB}.Debug|Any CPU.Build.0 = Debug|Any CPU
		{25586195-9CEA-4D76-8D3F-F73D881CA6DB}.Release|Any CPU.ActiveCfg = Release|Any CPU
		{25586195-9CEA-4D76-8D3F-F73D881CA6DB}.Release|Any CPU.Build.0 = Release|Any CPU
		{F7179152-7BE5-4D6B-AC05-C969DA7EFC25}.Debug|Any CPU.ActiveCfg = Debug|Any CPU
		{F7179152-7BE5-4D6B-AC05-C969DA7EFC25}.Debug|Any CPU.Build.0 = Debug|Any CPU
		{F7179152-7BE5-4D6B-AC05-C969DA7EFC25}.Release|Any CPU.ActiveCfg = Release|Any CPU
		{F7179152-7BE5-4D6B-AC05-C969DA7EFC25}.Release|Any CPU.Build.0 = Release|Any CPU
		{CF412CCF-2AB8-4254-83B4-BCC61E5FA747}.Debug|Any CPU.ActiveCfg = Debug|Any CPU
		{CF412CCF-2AB8-4254-83B4-BCC61E5FA747}.Debug|Any CPU.Build.0 = Debug|Any CPU
		{CF412CCF-2AB8-4254-83B4-BCC61E5FA747}.Release|Any CPU.ActiveCfg = Release|Any CPU
		{CF412CCF-2AB8-4254-83B4-BCC61E5FA747}.Release|Any CPU.Build.0 = Release|Any CPU
		{B961F4AC-E5C5-408F-80BC-F49396D927CF}.Debug|Any CPU.ActiveCfg = Debug|Any CPU
		{B961F4AC-E5C5-408F-80BC-F49396D927CF}.Debug|Any CPU.Build.0 = Debug|Any CPU
		{B961F4AC-E5C5-408F-80BC-F49396D927CF}.Release|Any CPU.ActiveCfg = Release|Any CPU
		{B961F4AC-E5C5-408F-80BC-F49396D927CF}.Release|Any CPU.Build.0 = Release|Any CPU
		{F6772A96-528C-4EA4-82A1-8B536BDE190B}.Debug|Any CPU.ActiveCfg = Debug|Any CPU
		{F6772A96-528C-4EA4-82A1-8B536BDE190B}.Debug|Any CPU.Build.0 = Debug|Any CPU
		{F6772A96-528C-4EA4-82A1-8B536BDE190B}.Release|Any CPU.ActiveCfg = Release|Any CPU
		{F6772A96-528C-4EA4-82A1-8B536BDE190B}.Release|Any CPU.Build.0 = Release|Any CPU
		{13698493-B16A-4424-A8AA-102865FE8E80}.Debug|Any CPU.ActiveCfg = Debug|Any CPU
		{13698493-B16A-4424-A8AA-102865FE8E80}.Debug|Any CPU.Build.0 = Debug|Any CPU
		{13698493-B16A-4424-A8AA-102865FE8E80}.Release|Any CPU.ActiveCfg = Release|Any CPU
		{13698493-B16A-4424-A8AA-102865FE8E80}.Release|Any CPU.Build.0 = Release|Any CPU
		{4CC4A86B-E1AF-4691-869A-6B1F768CDBCB}.Debug|Any CPU.ActiveCfg = Debug|Any CPU
		{4CC4A86B-E1AF-4691-869A-6B1F768CDBCB}.Debug|Any CPU.Build.0 = Debug|Any CPU
		{4CC4A86B-E1AF-4691-869A-6B1F768CDBCB}.Release|Any CPU.ActiveCfg = Release|Any CPU
		{4CC4A86B-E1AF-4691-869A-6B1F768CDBCB}.Release|Any CPU.Build.0 = Release|Any CPU
		{9793D63B-3C2D-45DC-8DAB-8592472E09D3}.Debug|Any CPU.ActiveCfg = Debug|Any CPU
		{9793D63B-3C2D-45DC-8DAB-8592472E09D3}.Debug|Any CPU.Build.0 = Debug|Any CPU
		{9793D63B-3C2D-45DC-8DAB-8592472E09D3}.Release|Any CPU.ActiveCfg = Release|Any CPU
		{9793D63B-3C2D-45DC-8DAB-8592472E09D3}.Release|Any CPU.Build.0 = Release|Any CPU
		{343B40CA-F8E5-4D34-BBE4-4AD17F8F74FC}.Debug|Any CPU.ActiveCfg = Debug|Any CPU
		{343B40CA-F8E5-4D34-BBE4-4AD17F8F74FC}.Debug|Any CPU.Build.0 = Debug|Any CPU
		{343B40CA-F8E5-4D34-BBE4-4AD17F8F74FC}.Release|Any CPU.ActiveCfg = Release|Any CPU
		{343B40CA-F8E5-4D34-BBE4-4AD17F8F74FC}.Release|Any CPU.Build.0 = Release|Any CPU
		{9F9ABA08-C9A3-4EE3-9D15-5B73ADD30FDA}.Debug|Any CPU.ActiveCfg = Debug|Any CPU
		{9F9ABA08-C9A3-4EE3-9D15-5B73ADD30FDA}.Debug|Any CPU.Build.0 = Debug|Any CPU
		{9F9ABA08-C9A3-4EE3-9D15-5B73ADD30FDA}.Release|Any CPU.ActiveCfg = Release|Any CPU
		{9F9ABA08-C9A3-4EE3-9D15-5B73ADD30FDA}.Release|Any CPU.Build.0 = Release|Any CPU
	EndGlobalSection
	GlobalSection(SolutionProperties) = preSolution
		HideSolutionNode = FALSE
	EndGlobalSection
	GlobalSection(NestedProjects) = preSolution
		{492B9AD4-6A4E-4DEC-83CB-5977A0B15842} = {7501A1E7-A5A9-4572-8C8F-C7CECC46EA7B}
		{25586195-9CEA-4D76-8D3F-F73D881CA6DB} = {F02928F8-25A2-4F8F-8A32-BCD330394708}
		{F7179152-7BE5-4D6B-AC05-C969DA7EFC25} = {CAFB4026-4AAD-4DA2-890F-A457C312D522}
		{49E767E2-52B5-490B-8FAC-61679226C2F1} = {4D1CBDDF-27C9-4679-B1EF-7525C9BF4209}
		{47EDEAF6-D388-4FD4-BD2E-A4BC3FFE8CED} = {49E767E2-52B5-490B-8FAC-61679226C2F1}
		{533CD766-A246-452F-BB71-CF33BD9E69C7} = {49E767E2-52B5-490B-8FAC-61679226C2F1}
		{9F65EE20-6557-424F-9377-0DBB49C416D2} = {49E767E2-52B5-490B-8FAC-61679226C2F1}
		{C86E4280-535B-48ED-8C7A-D75B91148ADA} = {49E767E2-52B5-490B-8FAC-61679226C2F1}
		{CF412CCF-2AB8-4254-83B4-BCC61E5FA747} = {47EDEAF6-D388-4FD4-BD2E-A4BC3FFE8CED}
		{B961F4AC-E5C5-408F-80BC-F49396D927CF} = {533CD766-A246-452F-BB71-CF33BD9E69C7}
		{F6772A96-528C-4EA4-82A1-8B536BDE190B} = {9F65EE20-6557-424F-9377-0DBB49C416D2}
		{13698493-B16A-4424-A8AA-102865FE8E80} = {C86E4280-535B-48ED-8C7A-D75B91148ADA}
		{3B0D7CF9-9C6C-454A-9660-2687E906FC45} = {4D1CBDDF-27C9-4679-B1EF-7525C9BF4209}
		{51A36ACB-0352-421D-86A1-54D55D724F7C} = {3B0D7CF9-9C6C-454A-9660-2687E906FC45}
		{E2045DC0-2BEC-466E-9DC9-ED12CD6F2054} = {3B0D7CF9-9C6C-454A-9660-2687E906FC45}
		{FC194E29-4192-49B4-BE31-E998AA17F96B} = {3B0D7CF9-9C6C-454A-9660-2687E906FC45}
		{D3D2A8BB-1CBC-477A-AA79-7281C8FBDFC2} = {3B0D7CF9-9C6C-454A-9660-2687E906FC45}
		{4CC4A86B-E1AF-4691-869A-6B1F768CDBCB} = {51A36ACB-0352-421D-86A1-54D55D724F7C}
		{9793D63B-3C2D-45DC-8DAB-8592472E09D3} = {E2045DC0-2BEC-466E-9DC9-ED12CD6F2054}
		{343B40CA-F8E5-4D34-BBE4-4AD17F8F74FC} = {FC194E29-4192-49B4-BE31-E998AA17F96B}
		{9F9ABA08-C9A3-4EE3-9D15-5B73ADD30FDA} = {D3D2A8BB-1CBC-477A-AA79-7281C8FBDFC2}
	EndGlobalSection
	GlobalSection(ExtensibilityGlobals) = postSolution
		SolutionGuid = {CFBD1FEA-8D53-47BF-9777-0E8A52681BB4}
	EndGlobalSection
EndGlobal
