
Microsoft Visual Studio Solution File, Format Version 12.00
# Visual Studio Version 16
VisualStudioVersion = 16.0.30204.135
MinimumVisualStudioVersion = 10.0.40219.1
Project("{2150E333-8FDC-42A3-9474-1A3956D46DE8}") = "Microservices", "Microservices", "{4D1CBDDF-27C9-4679-B1EF-7525C9BF4209}"
EndProject
Project("{2150E333-8FDC-42A3-9474-1A3956D46DE8}") = "Domain", "Domain", "{7501A1E7-A5A9-4572-8C8F-C7CECC46EA7B}"
EndProject
Project("{2150E333-8FDC-42A3-9474-1A3956D46DE8}") = "Infra.Bus", "Infra.Bus", "{F02928F8-25A2-4F8F-8A32-BCD330394708}"
EndProject
Project("{2150E333-8FDC-42A3-9474-1A3956D46DE8}") = "Infra.IoC", "Infra.IoC", "{CAFB4026-4AAD-4DA2-890F-A457C312D522}"
EndProject
Project("{2150E333-8FDC-42A3-9474-1A3956D46DE8}") = "Presentation", "Presentation", "{B1026CA1-7CD1-4EF0-8E5B-8E56C416FDD0}"
EndProject
Project("{FAE04EC0-301F-11D3-BF4B-00C04F79EFBC}") = "MicroRabbit.Domain.Core", "MicroRabbit.Domain.Core\MicroRabbit.Domain.Core.csproj", "{492B9AD4-6A4E-4DEC-83CB-5977A0B15842}"
EndProject
Project("{FAE04EC0-301F-11D3-BF4B-00C04F79EFBC}") = "MicroRabbit.Infra.Bus", "MicroRabbit.Infra.Bus\MicroRabbit.Infra.Bus.csproj", "{25586195-9CEA-4D76-8D3F-F73D881CA6DB}"
EndProject
Project("{FAE04EC0-301F-11D3-BF4B-00C04F79EFBC}") = "MicroRabbit.Infra.IoC", "MicroRabbit.Infra.IoC\MicroRabbit.Infra.IoC.csproj", "{F7179152-7BE5-4D6B-AC05-C969DA7EFC25}"
EndProject
Project("{2150E333-8FDC-42A3-9474-1A3956D46DE8}") = "Banking", "Banking", "{49E767E2-52B5-490B-8FAC-61679226C2F1}"
EndProject
Project("{2150E333-8FDC-42A3-9474-1A3956D46DE8}") = "Api", "Api", "{47EDEAF6-D388-4FD4-BD2E-A4BC3FFE8CED}"
EndProject
Project("{2150E333-8FDC-42A3-9474-1A3956D46DE8}") = "Application", "Application", "{533CD766-A246-452F-BB71-CF33BD9E69C7}"
EndProject
Project("{2150E333-8FDC-42A3-9474-1A3956D46DE8}") = "Data", "Data", "{9F65EE20-6557-424F-9377-0DBB49C416D2}"
EndProject
Project("{2150E333-8FDC-42A3-9474-1A3956D46DE8}") = "Domain", "Domain", "{C86E4280-535B-48ED-8C7A-D75B91148ADA}"
EndProject
Project("{FAE04EC0-301F-11D3-BF4B-00C04F79EFBC}") = "MicroRabbit.Banking.Api", "MicroRabbit.Banking.Api\MicroRabbit.Banking.Api.csproj", "{CF412CCF-2AB8-4254-83B4-BCC61E5FA747}"
EndProject
Project("{FAE04EC0-301F-11D3-BF4B-00C04F79EFBC}") = "MicroRabbit.Banking.Application", "MicroRabbit.Banking.Application\MicroRabbit.Banking.Application.csproj", "{B961F4AC-E5C5-408F-80BC-F49396D927CF}"
EndProject
Project("{FAE04EC0-301F-11D3-BF4B-00C04F79EFBC}") = "MicroRabbit.Banking.Data", "MicroRabbit.Banking.Data\MicroRabbit.Banking.Data.csproj", "{F6772A96-528C-4EA4-82A1-8B536BDE190B}"
EndProject
Project("{FAE04EC0-301F-11D3-BF4B-00C04F79EFBC}") = "MicroRabbit.Banking.Domain", "MicroRabbit.Banking.Domain\MicroRabbit.Banking.Domain.csproj", "{13698493-B16A-4424-A8AA-102865FE8E80}"
EndProject
Global
	GlobalSection(SolutionConfigurationPlatforms) = preSolution
		Debug|Any CPU = Debug|Any CPU
		Release|Any CPU = Release|Any CPU
	EndGlobalSection
	GlobalSection(ProjectConfigurationPlatforms) = postSolution
		{492B9AD4-6A4E-4DEC-83CB-5977A0B15842}.Debug|Any CPU.ActiveCfg = Debug|Any CPU
		{492B9AD4-6A4E-4DEC-83CB-5977A0B15842}.Debug|Any CPU.Build.0 = Debug|Any CPU
		{492B9AD4-6A4E-4DEC-83CB-5977A0B15842}.Release|Any CPU.ActiveCfg = Release|Any CPU
		{492B9AD4-6A4E-4DEC-83CB-5977A0B15842}.Release|Any CPU.Build.0 = Release|Any CPU
		{25586195-9CEA-4D76-8D3F-F73D881CA6DB}.Debug|Any CPU.ActiveCfg = Debug|Any CPU
		{25586195-9CEA-4D76-8D3F-F73D881CA6DB}.Debug|Any CPU.Build.0 = Debug|Any CPU
		{25586195-9CEA-4D76-8D3F-F73D881CA6DB}.Release|Any CPU.ActiveCfg = Release|Any CPU
		{25586195-9CEA-4D76-8D3F-F73D881CA6DB}.Release|Any CPU.Build.0 = Release|Any CPU
		{F7179152-7BE5-4D6B-AC05-C969DA7EFC25}.Debug|Any CPU.ActiveCfg = Debug|Any CPU
		{F7179152-7BE5-4D6B-AC05-C969DA7EFC25}.Debug|Any CPU.Build.0 = Debug|Any CPU
		{F7179152-7BE5-4D6B-AC05-C969DA7EFC25}.Release|Any CPU.ActiveCfg = Release|Any CPU
		{F7179152-7BE5-4D6B-AC05-C969DA7EFC25}.Release|Any CPU.Build.0 = Release|Any CPU
		{CF412CCF-2AB8-4254-83B4-BCC61E5FA747}.Debug|Any CPU.ActiveCfg = Debug|Any CPU
		{CF412CCF-2AB8-4254-83B4-BCC61E5FA747}.Debug|Any CPU.Build.0 = Debug|Any CPU
		{CF412CCF-2AB8-4254-83B4-BCC61E5FA747}.Release|Any CPU.ActiveCfg = Release|Any CPU
		{CF412CCF-2AB8-4254-83B4-BCC61E5FA747}.Release|Any CPU.Build.0 = Release|Any CPU
		{B961F4AC-E5C5-408F-80BC-F49396D927CF}.Debug|Any CPU.ActiveCfg = Debug|Any CPU
		{B961F4AC-E5C5-408F-80BC-F49396D927CF}.Debug|Any CPU.Build.0 = Debug|Any CPU
		{B961F4AC-E5C5-408F-80BC-F49396D927CF}.Release|Any CPU.ActiveCfg = Release|Any CPU
		{B961F4AC-E5C5-408F-80BC-F49396D927CF}.Release|Any CPU.Build.0 = Release|Any CPU
		{F6772A96-528C-4EA4-82A1-8B536BDE190B}.Debug|Any CPU.ActiveCfg = Debug|Any CPU
		{F6772A96-528C-4EA4-82A1-8B536BDE190B}.Debug|Any CPU.Build.0 = Debug|Any CPU
		{F6772A96-528C-4EA4-82A1-8B536BDE190B}.Release|Any CPU.ActiveCfg = Release|Any CPU
		{F6772A96-528C-4EA4-82A1-8B536BDE190B}.Release|Any CPU.Build.0 = Release|Any CPU
		{13698493-B16A-4424-A8AA-102865FE8E80}.Debug|Any CPU.ActiveCfg = Debug|Any CPU
		{13698493-B16A-4424-A8AA-102865FE8E80}.Debug|Any CPU.Build.0 = Debug|Any CPU
		{13698493-B16A-4424-A8AA-102865FE8E80}.Release|Any CPU.ActiveCfg = Release|Any CPU
		{13698493-B16A-4424-A8AA-102865FE8E80}.Release|Any CPU.Build.0 = Release|Any CPU
	EndGlobalSection
	GlobalSection(SolutionProperties) = preSolution
		HideSolutionNode = FALSE
	EndGlobalSection
	GlobalSection(NestedProjects) = preSolution
		{492B9AD4-6A4E-4DEC-83CB-5977A0B15842} = {7501A1E7-A5A9-4572-8C8F-C7CECC46EA7B}
		{25586195-9CEA-4D76-8D3F-F73D881CA6DB} = {F02928F8-25A2-4F8F-8A32-BCD330394708}
		{F7179152-7BE5-4D6B-AC05-C969DA7EFC25} = {CAFB4026-4AAD-4DA2-890F-A457C312D522}
		{49E767E2-52B5-490B-8FAC-61679226C2F1} = {4D1CBDDF-27C9-4679-B1EF-7525C9BF4209}
		{47EDEAF6-D388-4FD4-BD2E-A4BC3FFE8CED} = {49E767E2-52B5-490B-8FAC-61679226C2F1}
		{533CD766-A246-452F-BB71-CF33BD9E69C7} = {49E767E2-52B5-490B-8FAC-61679226C2F1}
		{9F65EE20-6557-424F-9377-0DBB49C416D2} = {49E767E2-52B5-490B-8FAC-61679226C2F1}
		{C86E4280-535B-48ED-8C7A-D75B91148ADA} = {49E767E2-52B5-490B-8FAC-61679226C2F1}
		{CF412CCF-2AB8-4254-83B4-BCC61E5FA747} = {47EDEAF6-D388-4FD4-BD2E-A4BC3FFE8CED}
		{B961F4AC-E5C5-408F-80BC-F49396D927CF} = {533CD766-A246-452F-BB71-CF33BD9E69C7}
		{F6772A96-528C-4EA4-82A1-8B536BDE190B} = {9F65EE20-6557-424F-9377-0DBB49C416D2}
		{13698493-B16A-4424-A8AA-102865FE8E80} = {C86E4280-535B-48ED-8C7A-D75B91148ADA}
	EndGlobalSection
	GlobalSection(ExtensibilityGlobals) = postSolution
		SolutionGuid = {CFBD1FEA-8D53-47BF-9777-0E8A52681BB4}
	EndGlobalSection
EndGlobal
